{
    "_readme": [
        "This file locks the dependencies of your project to a known state",
        "Read more about it at https://getcomposer.org/doc/01-basic-usage.md#composer-lock-the-lock-file",
        "This file is @generated automatically"
    ],
    "content-hash": "3220b4730a3a1f4b2e8a63ce159ef71a",
    "packages": [
        {
            "name": "composer/installers",
            "version": "v1.3.0",
            "source": {
                "type": "git",
                "url": "https://github.com/composer/installers.git",
                "reference": "79ad876c7498c0bbfe7eed065b8651c93bfd6045"
            },
            "dist": {
                "type": "zip",
                "url": "https://api.github.com/repos/composer/installers/zipball/79ad876c7498c0bbfe7eed065b8651c93bfd6045",
                "reference": "79ad876c7498c0bbfe7eed065b8651c93bfd6045",
                "shasum": ""
            },
            "require": {
                "composer-plugin-api": "^1.0"
            },
            "replace": {
                "roundcube/plugin-installer": "*",
                "shama/baton": "*"
            },
            "require-dev": {
                "composer/composer": "1.0.*@dev",
                "phpunit/phpunit": "4.1.*"
            },
            "type": "composer-plugin",
            "extra": {
                "class": "Composer\\Installers\\Plugin",
                "branch-alias": {
                    "dev-master": "1.0-dev"
                }
            },
            "autoload": {
                "psr-4": {
                    "Composer\\Installers\\": "src/Composer/Installers"
                }
            },
            "notification-url": "https://packagist.org/downloads/",
            "license": [
                "MIT"
            ],
            "authors": [
                {
                    "name": "Kyle Robinson Young",
                    "email": "kyle@dontkry.com",
                    "homepage": "https://github.com/shama"
                }
            ],
            "description": "A multi-framework Composer library installer",
            "homepage": "https://composer.github.io/installers/",
            "keywords": [
                "Craft",
                "Dolibarr",
                "Eliasis",
                "Hurad",
                "ImageCMS",
                "Kanboard",
                "MODX Evo",
                "Mautic",
                "Maya",
                "OXID",
                "Plentymarkets",
                "Porto",
                "RadPHP",
                "SMF",
                "Thelia",
                "WolfCMS",
                "agl",
                "aimeos",
                "annotatecms",
                "attogram",
                "bitrix",
                "cakephp",
                "chef",
                "cockpit",
                "codeigniter",
                "concrete5",
                "croogo",
                "dokuwiki",
                "drupal",
                "elgg",
                "expressionengine",
                "fuelphp",
                "grav",
                "installer",
                "itop",
                "joomla",
                "kohana",
                "laravel",
                "lavalite",
                "lithium",
                "magento",
                "mako",
                "mediawiki",
                "modulework",
                "moodle",
                "phpbb",
                "piwik",
                "ppi",
                "puppet",
                "reindex",
                "roundcube",
                "shopware",
                "silverstripe",
                "sydes",
                "symfony",
                "typo3",
                "wordpress",
                "yawik",
                "zend",
                "zikula"
            ],
            "time": "2017-04-24T06:37:16+00:00"
        },
        {
            "name": "giggsey/libphonenumber-for-php",
            "version": "8.8.0",
            "source": {
                "type": "git",
                "url": "https://github.com/giggsey/libphonenumber-for-php.git",
                "reference": "54c69fcb45c3a39d9a206398f57fe18809401eda"
            },
            "dist": {
                "type": "zip",
                "url": "https://api.github.com/repos/giggsey/libphonenumber-for-php/zipball/54c69fcb45c3a39d9a206398f57fe18809401eda",
                "reference": "54c69fcb45c3a39d9a206398f57fe18809401eda",
                "shasum": ""
            },
            "require": {
                "ext-mbstring": "*",
                "giggsey/locale": "^1.2",
                "php": ">=5.3.2"
            },
            "require-dev": {
                "pear/pear-core-minimal": "^1.9",
                "pear/pear_exception": "^1.0",
                "pear/versioncontrol_git": "dev-master",
                "phing/phing": "^2.7",
                "phpunit/phpunit": "^4.8|^5.0",
                "satooshi/php-coveralls": "^1.0",
                "symfony/console": "^2.8|^3.0"
            },
            "type": "library",
            "extra": {
                "branch-alias": {
                    "dev-master": "8.x-dev"
                }
            },
            "autoload": {
                "psr-4": {
                    "libphonenumber\\": "src/"
                },
                "exclude-from-classmap": [
                    "/src/data/",
                    "/src/carrier/data/",
                    "/src/geocoding/data/",
                    "/src/timezone/data/"
                ]
            },
            "notification-url": "https://packagist.org/downloads/",
            "license": [
                "Apache-2.0"
            ],
            "authors": [
                {
                    "name": "Joshua Gigg",
                    "email": "giggsey@gmail.com",
                    "homepage": "https://giggsey.com/"
                }
            ],
            "description": "PHP Port of Google's libphonenumber",
            "homepage": "https://github.com/giggsey/libphonenumber-for-php",
            "keywords": [
                "geocoding",
                "geolocation",
                "libphonenumber",
                "mobile",
                "phonenumber",
                "validation"
            ],
            "time": "2017-08-22T10:35:52+00:00"
        },
        {
            "name": "giggsey/locale",
            "version": "1.3",
            "source": {
                "type": "git",
                "url": "https://github.com/giggsey/Locale.git",
                "reference": "e6eb1883c1452df7734a03fb183a2ec5175c16f2"
            },
            "dist": {
                "type": "zip",
                "url": "https://api.github.com/repos/giggsey/Locale/zipball/e6eb1883c1452df7734a03fb183a2ec5175c16f2",
                "reference": "e6eb1883c1452df7734a03fb183a2ec5175c16f2",
                "shasum": ""
            },
            "require": {
                "php": ">=5.3.2"
            },
            "require-dev": {
                "pear/pear-core-minimal": "^1.9",
                "pear/pear_exception": "^1.0",
                "pear/versioncontrol_git": "dev-master",
                "phing/phing": "~2.7",
                "phpunit/phpunit": "^4.8|^5.0",
                "satooshi/php-coveralls": "^1.0",
                "symfony/console": "^2.8|^3.0",
                "symfony/filesystem": "^2.8|^3.0",
                "symfony/finder": "^2.8|^3.0",
                "symfony/process": "^2.8|^3.0"
            },
            "type": "library",
            "autoload": {
                "psr-4": {
                    "Giggsey\\Locale\\": "src/"
                }
            },
            "notification-url": "https://packagist.org/downloads/",
            "license": [
                "MIT"
            ],
            "authors": [
                {
                    "name": "Joshua Gigg",
                    "email": "giggsey@gmail.com",
                    "homepage": "http://giggsey.com/"
                }
            ],
            "description": "Locale functions required by libphonenumber-for-php",
            "time": "2017-04-07T18:45:42+00:00"
        },
        {
            "name": "twilio/sdk",
            "version": "5.13.0",
            "source": {
                "type": "git",
                "url": "https://github.com/twilio/twilio-php.git",
                "reference": "8ed4f1793e4880594559272c3da4d51e54b0781e"
            },
            "dist": {
                "type": "zip",
                "url": "https://api.github.com/repos/twilio/twilio-php/zipball/8ed4f1793e4880594559272c3da4d51e54b0781e",
                "reference": "8ed4f1793e4880594559272c3da4d51e54b0781e",
                "shasum": ""
            },
            "require": {
                "php": ">=5.3.0"
            },
            "require-dev": {
                "apigen/apigen": "^4.1",
                "phpunit/phpunit": "4.5.*"
            },
            "type": "library",
            "autoload": {
                "psr-4": {
                    "Twilio\\": "Twilio/"
                }
            },
            "notification-url": "https://packagist.org/downloads/",
            "license": [
                "MIT"
            ],
            "authors": [
                {
                    "name": "Twilio API Team",
                    "email": "api@twilio.com"
                }
            ],
            "description": "A PHP wrapper for Twilio's API",
            "homepage": "http://github.com/twilio/twilio-php",
            "keywords": [
                "api",
                "sms",
                "twilio"
            ],
            "time": "2017-07-27T20:09:57+00:00"
        },
        {
            "name": "vlucas/phpdotenv",
            "version": "v2.4.0",
            "source": {
                "type": "git",
                "url": "https://github.com/vlucas/phpdotenv.git",
                "reference": "3cc116adbe4b11be5ec557bf1d24dc5e3a21d18c"
            },
            "dist": {
                "type": "zip",
                "url": "https://api.github.com/repos/vlucas/phpdotenv/zipball/3cc116adbe4b11be5ec557bf1d24dc5e3a21d18c",
                "reference": "3cc116adbe4b11be5ec557bf1d24dc5e3a21d18c",
                "shasum": ""
            },
            "require": {
                "php": ">=5.3.9"
            },
            "require-dev": {
                "phpunit/phpunit": "^4.8 || ^5.0"
            },
            "type": "library",
            "extra": {
                "branch-alias": {
                    "dev-master": "2.4-dev"
                }
            },
            "autoload": {
                "psr-4": {
                    "Dotenv\\": "src/"
                }
            },
            "notification-url": "https://packagist.org/downloads/",
            "license": [
                "BSD-3-Clause-Attribution"
            ],
            "authors": [
                {
                    "name": "Vance Lucas",
                    "email": "vance@vancelucas.com",
                    "homepage": "http://www.vancelucas.com"
                }
            ],
            "description": "Loads environment variables from `.env` to `getenv()`, `$_ENV` and `$_SERVER` automagically.",
            "keywords": [
                "dotenv",
                "env",
                "environment"
            ],
            "time": "2016-09-01T10:05:43+00:00"
        }
    ],
    "packages-dev": [
        {
            "name": "squizlabs/php_codesniffer",
            "version": "2.9.1",
            "source": {
                "type": "git",
                "url": "https://github.com/squizlabs/PHP_CodeSniffer.git",
                "reference": "dcbed1074f8244661eecddfc2a675430d8d33f62"
            },
            "dist": {
                "type": "zip",
                "url": "https://api.github.com/repos/squizlabs/PHP_CodeSniffer/zipball/dcbed1074f8244661eecddfc2a675430d8d33f62",
                "reference": "dcbed1074f8244661eecddfc2a675430d8d33f62",
                "shasum": ""
            },
            "require": {
                "ext-simplexml": "*",
                "ext-tokenizer": "*",
                "ext-xmlwriter": "*",
                "php": ">=5.1.2"
            },
            "require-dev": {
                "phpunit/phpunit": "~4.0"
            },
            "bin": [
                "scripts/phpcs",
                "scripts/phpcbf"
            ],
            "type": "library",
            "extra": {
                "branch-alias": {
                    "dev-master": "2.x-dev"
                }
            },
            "autoload": {
                "classmap": [
                    "CodeSniffer.php",
                    "CodeSniffer/CLI.php",
                    "CodeSniffer/Exception.php",
                    "CodeSniffer/File.php",
                    "CodeSniffer/Fixer.php",
                    "CodeSniffer/Report.php",
                    "CodeSniffer/Reporting.php",
                    "CodeSniffer/Sniff.php",
                    "CodeSniffer/Tokens.php",
                    "CodeSniffer/Reports/",
                    "CodeSniffer/Tokenizers/",
                    "CodeSniffer/DocGenerators/",
                    "CodeSniffer/Standards/AbstractPatternSniff.php",
                    "CodeSniffer/Standards/AbstractScopeSniff.php",
                    "CodeSniffer/Standards/AbstractVariableSniff.php",
                    "CodeSniffer/Standards/IncorrectPatternException.php",
                    "CodeSniffer/Standards/Generic/Sniffs/",
                    "CodeSniffer/Standards/MySource/Sniffs/",
                    "CodeSniffer/Standards/PEAR/Sniffs/",
                    "CodeSniffer/Standards/PSR1/Sniffs/",
                    "CodeSniffer/Standards/PSR2/Sniffs/",
                    "CodeSniffer/Standards/Squiz/Sniffs/",
                    "CodeSniffer/Standards/Zend/Sniffs/"
                ]
            },
            "notification-url": "https://packagist.org/downloads/",
            "license": [
                "BSD-3-Clause"
            ],
            "authors": [
                {
                    "name": "Greg Sherwood",
                    "role": "lead"
                }
            ],
            "description": "PHP_CodeSniffer tokenizes PHP, JavaScript and CSS files and detects violations of a defined set of coding standards.",
            "homepage": "http://www.squizlabs.com/php-codesniffer",
            "keywords": [
                "phpcs",
                "standards"
            ],
            "time": "2017-05-22T02:43:20+00:00"
        },
        {
            "name": "stevegrunwell/wp-enforcer",
            "version": "v0.5.0",
            "source": {
                "type": "git",
                "url": "https://github.com/stevegrunwell/wp-enforcer.git",
                "reference": "6d583588d06346982b5819066f14675ddc8004d7"
            },
            "dist": {
                "type": "zip",
                "url": "https://api.github.com/repos/stevegrunwell/wp-enforcer/zipball/6d583588d06346982b5819066f14675ddc8004d7",
                "reference": "6d583588d06346982b5819066f14675ddc8004d7",
                "shasum": ""
            },
            "require": {
                "wp-coding-standards/wpcs": "*"
            },
            "bin": [
                "bin/wp-enforcer"
            ],
            "type": "library",
            "notification-url": "https://packagist.org/downloads/",
            "license": [
                "MIT"
            ],
            "authors": [
                {
                    "name": "Steve Grunwell",
                    "email": "steve@stevegrunwell.com",
                    "homepage": "https://stevegrunwell.com"
                }
            ],
            "description": "Git hooks to encourage well-written WordPress.",
            "keywords": [
                "PHP_CodeSniffer",
                "coding standards",
                "git hooks",
                "wordpress"
            ],
            "time": "2017-05-28T18:44:13+00:00"
        },
        {
            "name": "wp-coding-standards/wpcs",
            "version": "0.12.0",
            "source": {
                "type": "git",
                "url": "https://github.com/WordPress-Coding-Standards/WordPress-Coding-Standards.git",
                "reference": "300c15796584d6b63f31841daf674886303af573"
            },
            "dist": {
                "type": "zip",
                "url": "https://api.github.com/repos/WordPress-Coding-Standards/WordPress-Coding-Standards/zipball/300c15796584d6b63f31841daf674886303af573",
                "reference": "300c15796584d6b63f31841daf674886303af573",
                "shasum": ""
            },
            "require": {
                "squizlabs/php_codesniffer": "^2.9.0"
            },
            "suggest": {
                "dealerdirect/phpcodesniffer-composer-installer": "*"
            },
            "type": "phpcodesniffer-standard",
            "notification-url": "https://packagist.org/downloads/",
            "license": [
                "MIT"
            ],
            "authors": [
                {
                    "name": "Contributors",
                    "homepage": "https://github.com/WordPress-Coding-Standards/WordPress-Coding-Standards/graphs/contributors"
                }
            ],
            "description": "PHP_CodeSniffer rules (sniffs) to enforce WordPress coding conventions",
            "keywords": [
                "phpcs",
                "standards",
                "wordpress"
            ],
            "time": "2017-07-20T20:11:03+00:00"
        }
    ],
    "aliases": [],
    "minimum-stability": "stable",
    "stability-flags": [],
    "prefer-stable": false,
    "prefer-lowest": false,
    "platform": {
        "php": ">=5.6.0"
    },
    "platform-dev": []
}
